// !$*UTF8*$!
{
	archiveVersion = 1;
	classes = {
	};
	objectVersion = 48;
	objects = {

/* Begin PBXBuildFile section */
		3633722883F9E3741852E256 /* Pods_pj_kinta_kunTests.framework in Frameworks */ = {isa = PBXBuildFile; fileRef = 74BD22019D3F260E45235419 /* Pods_pj_kinta_kunTests.framework */; };
		95AF530F1FE6522B000422A1 /* AppDelegate.swift in Sources */ = {isa = PBXBuildFile; fileRef = 95AF530E1FE6522B000422A1 /* AppDelegate.swift */; };
		95AF53111FE6522B000422A1 /* ViewController.swift in Sources */ = {isa = PBXBuildFile; fileRef = 95AF53101FE6522B000422A1 /* ViewController.swift */; };
		95AF53141FE6522B000422A1 /* Main.storyboard in Resources */ = {isa = PBXBuildFile; fileRef = 95AF53121FE6522B000422A1 /* Main.storyboard */; };
		95AF53161FE6522B000422A1 /* Assets.xcassets in Resources */ = {isa = PBXBuildFile; fileRef = 95AF53151FE6522B000422A1 /* Assets.xcassets */; };
		95AF53191FE6522B000422A1 /* LaunchScreen.storyboard in Resources */ = {isa = PBXBuildFile; fileRef = 95AF53171FE6522B000422A1 /* LaunchScreen.storyboard */; };
		95AF53241FE6522B000422A1 /* pj_kinta_kunTests.swift in Sources */ = {isa = PBXBuildFile; fileRef = 95AF53231FE6522B000422A1 /* pj_kinta_kunTests.swift */; };
		EBFE377B4E28AB2146DE55BC /* Pods_pj_kinta_kun.framework in Frameworks */ = {isa = PBXBuildFile; fileRef = 79052732F905096524C96B25 /* Pods_pj_kinta_kun.framework */; };
/* End PBXBuildFile section */

/* Begin PBXContainerItemProxy section */
		95AF53201FE6522B000422A1 /* PBXContainerItemProxy */ = {
			isa = PBXContainerItemProxy;
			containerPortal = 95AF53031FE6522B000422A1 /* Project object */;
			proxyType = 1;
			remoteGlobalIDString = 95AF530A1FE6522B000422A1;
			remoteInfo = pj_kinta_kun;
		};
/* End PBXContainerItemProxy section */

/* Begin PBXFileReference section */
		16F7BFAF3CB843E6BD7C2112 /* Pods-pj_kinta_kunTests.release.xcconfig */ = {isa = PBXFileReference; includeInIndex = 1; lastKnownFileType = text.xcconfig; name = "Pods-pj_kinta_kunTests.release.xcconfig"; path = "Pods/Target Support Files/Pods-pj_kinta_kunTests/Pods-pj_kinta_kunTests.release.xcconfig"; sourceTree = "<group>"; };
		74BD22019D3F260E45235419 /* Pods_pj_kinta_kunTests.framework */ = {isa = PBXFileReference; explicitFileType = wrapper.framework; includeInIndex = 0; path = Pods_pj_kinta_kunTests.framework; sourceTree = BUILT_PRODUCTS_DIR; };
		79052732F905096524C96B25 /* Pods_pj_kinta_kun.framework */ = {isa = PBXFileReference; explicitFileType = wrapper.framework; includeInIndex = 0; path = Pods_pj_kinta_kun.framework; sourceTree = BUILT_PRODUCTS_DIR; };
		8E20B3E63A9E9533ACE6610C /* Pods-pj_kinta_kunTests.debug.xcconfig */ = {isa = PBXFileReference; includeInIndex = 1; lastKnownFileType = text.xcconfig; name = "Pods-pj_kinta_kunTests.debug.xcconfig"; path = "Pods/Target Support Files/Pods-pj_kinta_kunTests/Pods-pj_kinta_kunTests.debug.xcconfig"; sourceTree = "<group>"; };
		93B8ED8CB3914FE500DFD720 /* Pods-pj_kinta_kun.debug.xcconfig */ = {isa = PBXFileReference; includeInIndex = 1; lastKnownFileType = text.xcconfig; name = "Pods-pj_kinta_kun.debug.xcconfig"; path = "Pods/Target Support Files/Pods-pj_kinta_kun/Pods-pj_kinta_kun.debug.xcconfig"; sourceTree = "<group>"; };
		95AF530B1FE6522B000422A1 /* pj_kinta_kun.app */ = {isa = PBXFileReference; explicitFileType = wrapper.application; includeInIndex = 0; path = pj_kinta_kun.app; sourceTree = BUILT_PRODUCTS_DIR; };
		95AF530E1FE6522B000422A1 /* AppDelegate.swift */ = {isa = PBXFileReference; lastKnownFileType = sourcecode.swift; path = AppDelegate.swift; sourceTree = "<group>"; };
		95AF53101FE6522B000422A1 /* ViewController.swift */ = {isa = PBXFileReference; lastKnownFileType = sourcecode.swift; path = ViewController.swift; sourceTree = "<group>"; };
		95AF53131FE6522B000422A1 /* Base */ = {isa = PBXFileReference; lastKnownFileType = file.storyboard; name = Base; path = Base.lproj/Main.storyboard; sourceTree = "<group>"; };
		95AF53151FE6522B000422A1 /* Assets.xcassets */ = {isa = PBXFileReference; lastKnownFileType = folder.assetcatalog; path = Assets.xcassets; sourceTree = "<group>"; };
		95AF53181FE6522B000422A1 /* Base */ = {isa = PBXFileReference; lastKnownFileType = file.storyboard; name = Base; path = Base.lproj/LaunchScreen.storyboard; sourceTree = "<group>"; };
		95AF531A1FE6522B000422A1 /* Info.plist */ = {isa = PBXFileReference; lastKnownFileType = text.plist.xml; path = Info.plist; sourceTree = "<group>"; };
		95AF531F1FE6522B000422A1 /* pj_kinta_kunTests.xctest */ = {isa = PBXFileReference; explicitFileType = wrapper.cfbundle; includeInIndex = 0; path = pj_kinta_kunTests.xctest; sourceTree = BUILT_PRODUCTS_DIR; };
		95AF53231FE6522B000422A1 /* pj_kinta_kunTests.swift */ = {isa = PBXFileReference; lastKnownFileType = sourcecode.swift; path = pj_kinta_kunTests.swift; sourceTree = "<group>"; };
		95AF53251FE6522B000422A1 /* Info.plist */ = {isa = PBXFileReference; lastKnownFileType = text.plist.xml; path = Info.plist; sourceTree = "<group>"; };
		A3E5699A1F1F502942D165B2 /* Pods-pj_kinta_kun.release.xcconfig */ = {isa = PBXFileReference; includeInIndex = 1; lastKnownFileType = text.xcconfig; name = "Pods-pj_kinta_kun.release.xcconfig"; path = "Pods/Target Support Files/Pods-pj_kinta_kun/Pods-pj_kinta_kun.release.xcconfig"; sourceTree = "<group>"; };
/* End PBXFileReference section */

/* Begin PBXFrameworksBuildPhase section */
		95AF53081FE6522B000422A1 /* Frameworks */ = {
			isa = PBXFrameworksBuildPhase;
			buildActionMask = 2147483647;
			files = (
				EBFE377B4E28AB2146DE55BC /* Pods_pj_kinta_kun.framework in Frameworks */,
			);
			runOnlyForDeploymentPostprocessing = 0;
		};
		95AF531C1FE6522B000422A1 /* Frameworks */ = {
			isa = PBXFrameworksBuildPhase;
			buildActionMask = 2147483647;
			files = (
				3633722883F9E3741852E256 /* Pods_pj_kinta_kunTests.framework in Frameworks */,
			);
			runOnlyForDeploymentPostprocessing = 0;
		};
/* End PBXFrameworksBuildPhase section */

/* Begin PBXGroup section */
		14ABE246C16964AD768E19C0 /* Frameworks */ = {
			isa = PBXGroup;
			children = (
				79052732F905096524C96B25 /* Pods_pj_kinta_kun.framework */,
				74BD22019D3F260E45235419 /* Pods_pj_kinta_kunTests.framework */,
			);
			name = Frameworks;
			sourceTree = "<group>";
		};
		95AF53021FE6522B000422A1 = {
			isa = PBXGroup;
			children = (
				95AF530D1FE6522B000422A1 /* pj_kinta_kun */,
				95AF53221FE6522B000422A1 /* pj_kinta_kunTests */,
				95AF530C1FE6522B000422A1 /* Products */,
				E9A4C8FCA57F39558485FDE1 /* Pods */,
				14ABE246C16964AD768E19C0 /* Frameworks */,
			);
			sourceTree = "<group>";
		};
		95AF530C1FE6522B000422A1 /* Products */ = {
			isa = PBXGroup;
			children = (
				95AF530B1FE6522B000422A1 /* pj_kinta_kun.app */,
				95AF531F1FE6522B000422A1 /* pj_kinta_kunTests.xctest */,
			);
			name = Products;
			sourceTree = "<group>";
		};
		95AF530D1FE6522B000422A1 /* pj_kinta_kun */ = {
			isa = PBXGroup;
			children = (
				95AF532E1FE65A11000422A1 /* View */,
				95AF530E1FE6522B000422A1 /* AppDelegate.swift */,
				95AF53101FE6522B000422A1 /* ViewController.swift */,
				95AF53121FE6522B000422A1 /* Main.storyboard */,
				95AF53151FE6522B000422A1 /* Assets.xcassets */,
				95AF53171FE6522B000422A1 /* LaunchScreen.storyboard */,
				95AF531A1FE6522B000422A1 /* Info.plist */,
			);
			path = pj_kinta_kun;
			sourceTree = "<group>";
		};
		95AF53221FE6522B000422A1 /* pj_kinta_kunTests */ = {
			isa = PBXGroup;
			children = (
				95AF53231FE6522B000422A1 /* pj_kinta_kunTests.swift */,
				95AF53251FE6522B000422A1 /* Info.plist */,
			);
			path = pj_kinta_kunTests;
			sourceTree = "<group>";
		};
		95AF532E1FE65A11000422A1 /* View */ = {
			isa = PBXGroup;
			children = (
				95AF53331FE65A11000422A1 /* Sprash */,
				95AF53311FE65A11000422A1 /* InitialSetting */,
				95AF53341FE65A11000422A1 /* Main */,
				95AF532F1FE65A11000422A1 /* HistoryMonthList */,
				95AF53321FE65A11000422A1 /* HistoryDayList */,
				95AF53301FE65A11000422A1 /* Others */,
			);
			path = View;
			sourceTree = "<group>";
		};
		95AF532F1FE65A11000422A1 /* HistoryMonthList */ = {
			isa = PBXGroup;
			children = (
			);
			path = HistoryMonthList;
			sourceTree = "<group>";
		};
		95AF53301FE65A11000422A1 /* Others */ = {
			isa = PBXGroup;
			children = (
			);
			path = Others;
			sourceTree = "<group>";
		};
		95AF53311FE65A11000422A1 /* InitialSetting */ = {
			isa = PBXGroup;
			children = (
			);
			path = InitialSetting;
			sourceTree = "<group>";
		};
		95AF53321FE65A11000422A1 /* HistoryDayList */ = {
			isa = PBXGroup;
			children = (
			);
			path = HistoryDayList;
			sourceTree = "<group>";
		};
		95AF53331FE65A11000422A1 /* Sprash */ = {
			isa = PBXGroup;
			children = (
			);
			path = Sprash;
			sourceTree = "<group>";
		};
		95AF53341FE65A11000422A1 /* Main */ = {
			isa = PBXGroup;
			children = (
			);
			path = Main;
			sourceTree = "<group>";
		};
		E9A4C8FCA57F39558485FDE1 /* Pods */ = {
			isa = PBXGroup;
			children = (
				93B8ED8CB3914FE500DFD720 /* Pods-pj_kinta_kun.debug.xcconfig */,
				A3E5699A1F1F502942D165B2 /* Pods-pj_kinta_kun.release.xcconfig */,
				8E20B3E63A9E9533ACE6610C /* Pods-pj_kinta_kunTests.debug.xcconfig */,
				16F7BFAF3CB843E6BD7C2112 /* Pods-pj_kinta_kunTests.release.xcconfig */,
			);
			name = Pods;
			sourceTree = "<group>";
		};
/* End PBXGroup section */

/* Begin PBXNativeTarget section */
		95AF530A1FE6522B000422A1 /* pj_kinta_kun */ = {
			isa = PBXNativeTarget;
			buildConfigurationList = 95AF53281FE6522B000422A1 /* Build configuration list for PBXNativeTarget "pj_kinta_kun" */;
			buildPhases = (
				522427D7127E877D055EE795 /* [CP] Check Pods Manifest.lock */,
				95AF53071FE6522B000422A1 /* Sources */,
				95AF53081FE6522B000422A1 /* Frameworks */,
				95AF53091FE6522B000422A1 /* Resources */,
				0B8C3FC080CC274843FD6489 /* [CP] Embed Pods Frameworks */,
				F1059B49ACF9B012DF221B9F /* [CP] Copy Pods Resources */,
			);
			buildRules = (
			);
			dependencies = (
			);
			name = pj_kinta_kun;
			productName = pj_kinta_kun;
			productReference = 95AF530B1FE6522B000422A1 /* pj_kinta_kun.app */;
			productType = "com.apple.product-type.application";
		};
		95AF531E1FE6522B000422A1 /* pj_kinta_kunTests */ = {
			isa = PBXNativeTarget;
			buildConfigurationList = 95AF532B1FE6522B000422A1 /* Build configuration list for PBXNativeTarget "pj_kinta_kunTests" */;
			buildPhases = (
				679181CB368191A041385ED2 /* [CP] Check Pods Manifest.lock */,
				95AF531B1FE6522B000422A1 /* Sources */,
				95AF531C1FE6522B000422A1 /* Frameworks */,
				95AF531D1FE6522B000422A1 /* Resources */,
				D6D38B494BAD386C4833A479 /* [CP] Embed Pods Frameworks */,
				39408A85852B0FF59CDFB197 /* [CP] Copy Pods Resources */,
			);
			buildRules = (
			);
			dependencies = (
				95AF53211FE6522B000422A1 /* PBXTargetDependency */,
			);
			name = pj_kinta_kunTests;
			productName = pj_kinta_kunTests;
			productReference = 95AF531F1FE6522B000422A1 /* pj_kinta_kunTests.xctest */;
			productType = "com.apple.product-type.bundle.unit-test";
		};
/* End PBXNativeTarget section */

/* Begin PBXProject section */
		95AF53031FE6522B000422A1 /* Project object */ = {
			isa = PBXProject;
			attributes = {
				LastSwiftUpdateCheck = 0910;
				LastUpgradeCheck = 0910;
				ORGANIZATIONNAME = ManhattanCode.Inc;
				TargetAttributes = {
					95AF530A1FE6522B000422A1 = {
						CreatedOnToolsVersion = 9.1;
						ProvisioningStyle = Automatic;
					};
					95AF531E1FE6522B000422A1 = {
						CreatedOnToolsVersion = 9.1;
						ProvisioningStyle = Automatic;
						TestTargetID = 95AF530A1FE6522B000422A1;
					};
				};
			};
			buildConfigurationList = 95AF53061FE6522B000422A1 /* Build configuration list for PBXProject "pj_kinta_kun" */;
			compatibilityVersion = "Xcode 8.0";
			developmentRegion = en;
			hasScannedForEncodings = 0;
			knownRegions = (
				en,
				Base,
			);
			mainGroup = 95AF53021FE6522B000422A1;
			productRefGroup = 95AF530C1FE6522B000422A1 /* Products */;
			projectDirPath = "";
			projectRoot = "";
			targets = (
				95AF530A1FE6522B000422A1 /* pj_kinta_kun */,
				95AF531E1FE6522B000422A1 /* pj_kinta_kunTests */,
			);
		};
/* End PBXProject section */

/* Begin PBXResourcesBuildPhase section */
		95AF53091FE6522B000422A1 /* Resources */ = {
			isa = PBXResourcesBuildPhase;
			buildActionMask = 2147483647;
			files = (
				95AF53191FE6522B000422A1 /* LaunchScreen.storyboard in Resources */,
				95AF53161FE6522B000422A1 /* Assets.xcassets in Resources */,
				95AF53141FE6522B000422A1 /* Main.storyboard in Resources */,
			);
			runOnlyForDeploymentPostprocessing = 0;
		};
		95AF531D1FE6522B000422A1 /* Resources */ = {
			isa = PBXResourcesBuildPhase;
			buildActionMask = 2147483647;
			files = (
			);
			runOnlyForDeploymentPostprocessing = 0;
		};
/* End PBXResourcesBuildPhase section */

/* Begin PBXShellScriptBuildPhase section */
		0B8C3FC080CC274843FD6489 /* [CP] Embed Pods Frameworks */ = {
			isa = PBXShellScriptBuildPhase;
			buildActionMask = 2147483647;
			files = (
			);
			inputPaths = (
				"${SRCROOT}/Pods/Target Support Files/Pods-pj_kinta_kun/Pods-pj_kinta_kun-frameworks.sh",
				"${BUILT_PRODUCTS_DIR}/SnapKit/SnapKit.framework",
			);
			name = "[CP] Embed Pods Frameworks";
			outputPaths = (
				"${TARGET_BUILD_DIR}/${FRAMEWORKS_FOLDER_PATH}/SnapKit.framework",
			);
			runOnlyForDeploymentPostprocessing = 0;
			shellPath = /bin/sh;
			shellScript = "\"${SRCROOT}/Pods/Target Support Files/Pods-pj_kinta_kun/Pods-pj_kinta_kun-frameworks.sh\"\n";
			showEnvVarsInLog = 0;
		};
		39408A85852B0FF59CDFB197 /* [CP] Copy Pods Resources */ = {
			isa = PBXShellScriptBuildPhase;
			buildActionMask = 2147483647;
			files = (
			);
			inputPaths = (
			);
			name = "[CP] Copy Pods Resources";
			outputPaths = (
			);
			runOnlyForDeploymentPostprocessing = 0;
			shellPath = /bin/sh;
			shellScript = "\"${SRCROOT}/Pods/Target Support Files/Pods-pj_kinta_kunTests/Pods-pj_kinta_kunTests-resources.sh\"\n";
			showEnvVarsInLog = 0;
		};
		522427D7127E877D055EE795 /* [CP] Check Pods Manifest.lock */ = {
			isa = PBXShellScriptBuildPhase;
			buildActionMask = 2147483647;
			files = (
			);
			inputPaths = (
				"${PODS_PODFILE_DIR_PATH}/Podfile.lock",
				"${PODS_ROOT}/Manifest.lock",
			);
			name = "[CP] Check Pods Manifest.lock";
			outputPaths = (
				"$(DERIVED_FILE_DIR)/Pods-pj_kinta_kun-checkManifestLockResult.txt",
			);
			runOnlyForDeploymentPostprocessing = 0;
			shellPath = /bin/sh;
			shellScript = "diff \"${PODS_PODFILE_DIR_PATH}/Podfile.lock\" \"${PODS_ROOT}/Manifest.lock\" > /dev/null\nif [ $? != 0 ] ; then\n    # print error to STDERR\n    echo \"error: The sandbox is not in sync with the Podfile.lock. Run 'pod install' or update your CocoaPods installation.\" >&2\n    exit 1\nfi\n# This output is used by Xcode 'outputs' to avoid re-running this script phase.\necho \"SUCCESS\" > \"${SCRIPT_OUTPUT_FILE_0}\"\n";
			showEnvVarsInLog = 0;
		};
		679181CB368191A041385ED2 /* [CP] Check Pods Manifest.lock */ = {
			isa = PBXShellScriptBuildPhase;
			buildActionMask = 2147483647;
			files = (
			);
			inputPaths = (
				"${PODS_PODFILE_DIR_PATH}/Podfile.lock",
				"${PODS_ROOT}/Manifest.lock",
			);
			name = "[CP] Check Pods Manifest.lock";
			outputPaths = (
				"$(DERIVED_FILE_DIR)/Pods-pj_kinta_kunTests-checkManifestLockResult.txt",
			);
			runOnlyForDeploymentPostprocessing = 0;
			shellPath = /bin/sh;
			shellScript = "diff \"${PODS_PODFILE_DIR_PATH}/Podfile.lock\" \"${PODS_ROOT}/Manifest.lock\" > /dev/null\nif [ $? != 0 ] ; then\n    # print error to STDERR\n    echo \"error: The sandbox is not in sync with the Podfile.lock. Run 'pod install' or update your CocoaPods installation.\" >&2\n    exit 1\nfi\n# This output is used by Xcode 'outputs' to avoid re-running this script phase.\necho \"SUCCESS\" > \"${SCRIPT_OUTPUT_FILE_0}\"\n";
			showEnvVarsInLog = 0;
		};
		D6D38B494BAD386C4833A479 /* [CP] Embed Pods Frameworks */ = {
			isa = PBXShellScriptBuildPhase;
			buildActionMask = 2147483647;
			files = (
			);
			inputPaths = (
			);
			name = "[CP] Embed Pods Frameworks";
			outputPaths = (
			);
			runOnlyForDeploymentPostprocessing = 0;
			shellPath = /bin/sh;
			shellScript = "\"${SRCROOT}/Pods/Target Support Files/Pods-pj_kinta_kunTests/Pods-pj_kinta_kunTests-frameworks.sh\"\n";
			showEnvVarsInLog = 0;
		};
		F1059B49ACF9B012DF221B9F /* [CP] Copy Pods Resources */ = {
			isa = PBXShellScriptBuildPhase;
			buildActionMask = 2147483647;
			files = (
			);
			inputPaths = (
			);
			name = "[CP] Copy Pods Resources";
			outputPaths = (
			);
			runOnlyForDeploymentPostprocessing = 0;
			shellPath = /bin/sh;
			shellScript = "\"${SRCROOT}/Pods/Target Support Files/Pods-pj_kinta_kun/Pods-pj_kinta_kun-resources.sh\"\n";
			showEnvVarsInLog = 0;
		};
/* End PBXShellScriptBuildPhase section */

/* Begin PBXSourcesBuildPhase section */
		95AF53071FE6522B000422A1 /* Sources */ = {
			isa = PBXSourcesBuildPhase;
			buildActionMask = 2147483647;
			files = (
				95AF53111FE6522B000422A1 /* ViewController.swift in Sources */,
				95AF530F1FE6522B000422A1 /* AppDelegate.swift in Sources */,
			);
			runOnlyForDeploymentPostprocessing = 0;
		};
		95AF531B1FE6522B000422A1 /* Sources */ = {
			isa = PBXSourcesBuildPhase;
			buildActionMask = 2147483647;
			files = (
				95AF53241FE6522B000422A1 /* pj_kinta_kunTests.swift in Sources */,
			);
			runOnlyForDeploymentPostprocessing = 0;
		};
/* End PBXSourcesBuildPhase section */

/* Begin PBXTargetDependency section */
		95AF53211FE6522B000422A1 /* PBXTargetDependency */ = {
			isa = PBXTargetDependency;
			target = 95AF530A1FE6522B000422A1 /* pj_kinta_kun */;
			targetProxy = 95AF53201FE6522B000422A1 /* PBXContainerItemProxy */;
		};
/* End PBXTargetDependency section */

/* Begin PBXVariantGroup section */
		95AF53121FE6522B000422A1 /* Main.storyboard */ = {
			isa = PBXVariantGroup;
			children = (
				95AF53131FE6522B000422A1 /* Base */,
			);
			name = Main.storyboard;
			sourceTree = "<group>";
		};
		95AF53171FE6522B000422A1 /* LaunchScreen.storyboard */ = {
			isa = PBXVariantGroup;
			children = (
				95AF53181FE6522B000422A1 /* Base */,
			);
			name = LaunchScreen.storyboard;
			sourceTree = "<group>";
		};
/* End PBXVariantGroup section */

/* Begin XCBuildConfiguration section */
		95AF53261FE6522B000422A1 /* Debug */ = {
			isa = XCBuildConfiguration;
			buildSettings = {
				ALWAYS_SEARCH_USER_PATHS = NO;
				CLANG_ANALYZER_NONNULL = YES;
				CLANG_ANALYZER_NUMBER_OBJECT_CONVERSION = YES_AGGRESSIVE;
				CLANG_CXX_LANGUAGE_STANDARD = "gnu++14";
				CLANG_CXX_LIBRARY = "libc++";
				CLANG_ENABLE_MODULES = YES;
				CLANG_ENABLE_OBJC_ARC = YES;
				CLANG_WARN_BLOCK_CAPTURE_AUTORELEASING = YES;
				CLANG_WARN_BOOL_CONVERSION = YES;
				CLANG_WARN_COMMA = YES;
				CLANG_WARN_CONSTANT_CONVERSION = YES;
				CLANG_WARN_DIRECT_OBJC_ISA_USAGE = YES_ERROR;
				CLANG_WARN_DOCUMENTATION_COMMENTS = YES;
				CLANG_WARN_EMPTY_BODY = YES;
				CLANG_WARN_ENUM_CONVERSION = YES;
				CLANG_WARN_INFINITE_RECURSION = YES;
				CLANG_WARN_INT_CONVERSION = YES;
				CLANG_WARN_NON_LITERAL_NULL_CONVERSION = YES;
				CLANG_WARN_OBJC_LITERAL_CONVERSION = YES;
				CLANG_WARN_OBJC_ROOT_CLASS = YES_ERROR;
				CLANG_WARN_RANGE_LOOP_ANALYSIS = YES;
				CLANG_WARN_STRICT_PROTOTYPES = YES;
				CLANG_WARN_SUSPICIOUS_MOVE = YES;
				CLANG_WARN_UNGUARDED_AVAILABILITY = YES_AGGRESSIVE;
				CLANG_WARN_UNREACHABLE_CODE = YES;
				CLANG_WARN__DUPLICATE_METHOD_MATCH = YES;
				CODE_SIGN_IDENTITY = "iPhone Developer";
				COPY_PHASE_STRIP = NO;
				DEBUG_INFORMATION_FORMAT = dwarf;
				ENABLE_STRICT_OBJC_MSGSEND = YES;
				ENABLE_TESTABILITY = YES;
				GCC_C_LANGUAGE_STANDARD = gnu11;
				GCC_DYNAMIC_NO_PIC = NO;
				GCC_NO_COMMON_BLOCKS = YES;
				GCC_OPTIMIZATION_LEVEL = 0;
				GCC_PREPROCESSOR_DEFINITIONS = (
					"DEBUG=1",
					"$(inherited)",
				);
				GCC_WARN_64_TO_32_BIT_CONVERSION = YES;
				GCC_WARN_ABOUT_RETURN_TYPE = YES_ERROR;
				GCC_WARN_UNDECLARED_SELECTOR = YES;
				GCC_WARN_UNINITIALIZED_AUTOS = YES_AGGRESSIVE;
				GCC_WARN_UNUSED_FUNCTION = YES;
				GCC_WARN_UNUSED_VARIABLE = YES;
				IPHONEOS_DEPLOYMENT_TARGET = 11.1;
				MTL_ENABLE_DEBUG_INFO = YES;
				ONLY_ACTIVE_ARCH = YES;
				SDKROOT = iphoneos;
				SWIFT_ACTIVE_COMPILATION_CONDITIONS = DEBUG;
				SWIFT_OPTIMIZATION_LEVEL = "-Onone";
			};
			name = Debug;
		};
		95AF53271FE6522B000422A1 /* Release */ = {
			isa = XCBuildConfiguration;
			buildSettings = {
				ALWAYS_SEARCH_USER_PATHS = NO;
				CLANG_ANALYZER_NONNULL = YES;
				CLANG_ANALYZER_NUMBER_OBJECT_CONVERSION = YES_AGGRESSIVE;
				CLANG_CXX_LANGUAGE_STANDARD = "gnu++14";
				CLANG_CXX_LIBRARY = "libc++";
				CLANG_ENABLE_MODULES = YES;
				CLANG_ENABLE_OBJC_ARC = YES;
				CLANG_WARN_BLOCK_CAPTURE_AUTORELEASING = YES;
				CLANG_WARN_BOOL_CONVERSION = YES;
				CLANG_WARN_COMMA = YES;
				CLANG_WARN_CONSTANT_CONVERSION = YES;
				CLANG_WARN_DIRECT_OBJC_ISA_USAGE = YES_ERROR;
				CLANG_WARN_DOCUMENTATION_COMMENTS = YES;
				CLANG_WARN_EMPTY_BODY = YES;
				CLANG_WARN_ENUM_CONVERSION = YES;
				CLANG_WARN_INFINITE_RECURSION = YES;
				CLANG_WARN_INT_CONVERSION = YES;
				CLANG_WARN_NON_LITERAL_NULL_CONVERSION = YES;
				CLANG_WARN_OBJC_LITERAL_CONVERSION = YES;
				CLANG_WARN_OBJC_ROOT_CLASS = YES_ERROR;
				CLANG_WARN_RANGE_LOOP_ANALYSIS = YES;
				CLANG_WARN_STRICT_PROTOTYPES = YES;
				CLANG_WARN_SUSPICIOUS_MOVE = YES;
				CLANG_WARN_UNGUARDED_AVAILABILITY = YES_AGGRESSIVE;
				CLANG_WARN_UNREACHABLE_CODE = YES;
				CLANG_WARN__DUPLICATE_METHOD_MATCH = YES;
				CODE_SIGN_IDENTITY = "iPhone Developer";
				COPY_PHASE_STRIP = NO;
				DEBUG_INFORMATION_FORMAT = "dwarf-with-dsym";
				ENABLE_NS_ASSERTIONS = NO;
				ENABLE_STRICT_OBJC_MSGSEND = YES;
				GCC_C_LANGUAGE_STANDARD = gnu11;
				GCC_NO_COMMON_BLOCKS = YES;
				GCC_WARN_64_TO_32_BIT_CONVERSION = YES;
				GCC_WARN_ABOUT_RETURN_TYPE = YES_ERROR;
				GCC_WARN_UNDECLARED_SELECTOR = YES;
				GCC_WARN_UNINITIALIZED_AUTOS = YES_AGGRESSIVE;
				GCC_WARN_UNUSED_FUNCTION = YES;
				GCC_WARN_UNUSED_VARIABLE = YES;
				IPHONEOS_DEPLOYMENT_TARGET = 11.1;
				MTL_ENABLE_DEBUG_INFO = NO;
				SDKROOT = iphoneos;
				SWIFT_OPTIMIZATION_LEVEL = "-Owholemodule";
				VALIDATE_PRODUCT = YES;
			};
			name = Release;
		};
		95AF53291FE6522B000422A1 /* Debug */ = {
			isa = XCBuildConfiguration;
			baseConfigurationReference = 93B8ED8CB3914FE500DFD720 /* Pods-pj_kinta_kun.debug.xcconfig */;
			buildSettings = {
				ASSETCATALOG_COMPILER_APPICON_NAME = AppIcon;
				CODE_SIGN_STYLE = Automatic;
				DEVELOPMENT_TEAM = H2XW5KQ42M;
				INFOPLIST_FILE = pj_kinta_kun/Info.plist;
				IPHONEOS_DEPLOYMENT_TARGET = 9.0;
				LD_RUNPATH_SEARCH_PATHS = "$(inherited) @executable_path/Frameworks";
				PRODUCT_BUNDLE_IDENTIFIER = "com.mht-code.pj-kinta-kun";
				PRODUCT_NAME = "$(TARGET_NAME)";
				SWIFT_VERSION = 4.0;
				TARGETED_DEVICE_FAMILY = "1,2";
			};
			name = Debug;
		};
		95AF532A1FE6522B000422A1 /* Release */ = {
			isa = XCBuildConfiguration;
			baseConfigurationReference = A3E5699A1F1F502942D165B2 /* Pods-pj_kinta_kun.release.xcconfig */;
			buildSettings = {
				ASSETCATALOG_COMPILER_APPICON_NAME = AppIcon;
				CODE_SIGN_STYLE = Automatic;
				DEVELOPMENT_TEAM = H2XW5KQ42M;
				INFOPLIST_FILE = pj_kinta_kun/Info.plist;
				IPHONEOS_DEPLOYMENT_TARGET = 9.0;
				LD_RUNPATH_SEARCH_PATHS = "$(inherited) @executable_path/Frameworks";
				PRODUCT_BUNDLE_IDENTIFIER = "com.mht-code.pj-kinta-kun";
				PRODUCT_NAME = "$(TARGET_NAME)";
				SWIFT_VERSION = 4.0;
				TARGETED_DEVICE_FAMILY = "1,2";
			};
			name = Release;
		};
		95AF532C1FE6522B000422A1 /* Debug */ = {
			isa = XCBuildConfiguration;
			baseConfigurationReference = 8E20B3E63A9E9533ACE6610C /* Pods-pj_kinta_kunTests.debug.xcconfig */;
			buildSettings = {
				ALWAYS_EMBED_SWIFT_STANDARD_LIBRARIES = YES;
				BUNDLE_LOADER = "$(TEST_HOST)";
				CODE_SIGN_STYLE = Automatic;
				DEVELOPMENT_TEAM = H2XW5KQ42M;
				INFOPLIST_FILE = pj_kinta_kunTests/Info.plist;
				LD_RUNPATH_SEARCH_PATHS = "$(inherited) @executable_path/Frameworks @loader_path/Frameworks";
				PRODUCT_BUNDLE_IDENTIFIER = "com.mht-code.pj-kinta-kunTests";
				PRODUCT_NAME = "$(TARGET_NAME)";
				SWIFT_VERSION = 4.0;
				TARGETED_DEVICE_FAMILY = "1,2";
				TEST_HOST = "$(BUILT_PRODUCTS_DIR)/pj_kinta_kun.app/pj_kinta_kun";
			};
			name = Debug;
		};
		95AF532D1FE6522B000422A1 /* Release */ = {
			isa = XCBuildConfiguration;
			baseConfigurationReference = 16F7BFAF3CB843E6BD7C2112 /* Pods-pj_kinta_kunTests.release.xcconfig */;
			buildSettings = {
				ALWAYS_EMBED_SWIFT_STANDARD_LIBRARIES = YES;
				BUNDLE_LOADER = "$(TEST_HOST)";
				CODE_SIGN_STYLE = Automatic;
				DEVELOPMENT_TEAM = H2XW5KQ42M;
				INFOPLIST_FILE = pj_kinta_kunTests/Info.plist;
				LD_RUNPATH_SEARCH_PATHS = "$(inherited) @executable_path/Frameworks @loader_path/Frameworks";
				PRODUCT_BUNDLE_IDENTIFIER = "com.mht-code.pj-kinta-kunTests";
				PRODUCT_NAME = "$(TARGET_NAME)";
				SWIFT_VERSION = 4.0;
				TARGETED_DEVICE_FAMILY = "1,2";
				TEST_HOST = "$(BUILT_PRODUCTS_DIR)/pj_kinta_kun.app/pj_kinta_kun";
			};
			name = Release;
		};
/* End XCBuildConfiguration section */

/* Begin XCConfigurationList section */
		95AF53061FE6522B000422A1 /* Build configuration list for PBXProject "pj_kinta_kun" */ = {
			isa = XCConfigurationList;
			buildConfigurations = (
				95AF53261FE6522B000422A1 /* Debug */,
				95AF53271FE6522B000422A1 /* Release */,
			);
			defaultConfigurationIsVisible = 0;
			defaultConfigurationName = Release;
		};
		95AF53281FE6522B000422A1 /* Build configuration list for PBXNativeTarget "pj_kinta_kun" */ = {
			isa = XCConfigurationList;
			buildConfigurations = (
				95AF53291FE6522B000422A1 /* Debug */,
				95AF532A1FE6522B000422A1 /* Release */,
			);
			defaultConfigurationIsVisible = 0;
			defaultConfigurationName = Release;
		};
		95AF532B1FE6522B000422A1 /* Build configuration list for PBXNativeTarget "pj_kinta_kunTests" */ = {
			isa = XCConfigurationList;
			buildConfigurations = (
				95AF532C1FE6522B000422A1 /* Debug */,
				95AF532D1FE6522B000422A1 /* Release */,
			);
			defaultConfigurationIsVisible = 0;
			defaultConfigurationName = Release;
		};
/* End XCConfigurationList section */
	};
	rootObject = 95AF53031FE6522B000422A1 /* Project object */;
}
